
Microsoft Visual Studio Solution File, Format Version 12.00
# Visual Studio Version 17
VisualStudioVersion = 17.2.32519.379
MinimumVisualStudioVersion = 10.0.40219.1
Project("{FAE04EC0-301F-11D3-BF4B-00C04F79EFBC}") = "vimaansuchee", "vimaansuchee\vimaansuchee.csproj", "{24604E43-2B43-4676-887D-219DC6A437AE}"
EndProject
Global
	GlobalSection(SolutionConfigurationPlatforms) = preSolution
		Debug|Any CPU = Debug|Any CPU
		Release|Any CPU = Release|Any CPU
	EndGlobalSection
	GlobalSection(ProjectConfigurationPlatforms) = postSolution
		{24604E43-2B43-4676-887D-219DC6A437AE}.Debug|Any CPU.ActiveCfg = Debug|Any CPU
		{24604E43-2B43-4676-887D-219DC6A437AE}.Debug|Any CPU.Build.0 = Debug|Any CPU
		{24604E43-2B43-4676-887D-219DC6A437AE}.Release|Any CPU.ActiveCfg = Release|Any CPU
		{24604E43-2B43-4676-887D-219DC6A437AE}.Release|Any CPU.Build.0 = Release|Any CPU
	EndGlobalSection
	GlobalSection(SolutionProperties) = preSolution
		HideSolutionNode = FALSE
	EndGlobalSection
	GlobalSection(ExtensibilityGlobals) = postSolution
		SolutionGuid = {F9A7567F-F98F-4D00-8768-2C584F9E86F8}
	EndGlobalSection
EndGlobal
